Microsoft Visual Studio Solution File, Format Version 11.00
# Visual Studio 2008

Project("{0E24C3BD-CEDB-3C79-E23E-7507CFB100F0}") = "2d_application", "Assembly-CSharp-firstpass.csproj", "{F263A123-2B1C-473C-A5DB-46FCB0510BFA}"
EndProject
Project("{0E24C3BD-CEDB-3C79-E23E-7507CFB100F0}") = "2d_application", "Assembly-CSharp.csproj", "{C706C84B-EB90-0A9D-EB68-77C5D65FA19D}"
EndProject
Project("{0E24C3BD-CEDB-3C79-E23E-7507CFB100F0}") = "2d_application", "Assembly-CSharp-Editor.csproj", "{6974BCC3-49B3-7555-0C72-1BB18520BBF0}"
EndProject
Global
	GlobalSection(SolutionConfigurationPlatforms) = preSolution
		Debug|Any CPU = Debug|Any CPU
		Release|Any CPU = Release|Any CPU
	EndGlobalSection
	GlobalSection(ProjectConfigurationPlatforms) = postSolution
		{F263A123-2B1C-473C-A5DB-46FCB0510BFA}.Debug|Any CPU.ActiveCfg = Debug|Any CPU
		{F263A123-2B1C-473C-A5DB-46FCB0510BFA}.Debug|Any CPU.Build.0 = Debug|Any CPU
		{F263A123-2B1C-473C-A5DB-46FCB0510BFA}.Release|Any CPU.ActiveCfg = Release|Any CPU
		{F263A123-2B1C-473C-A5DB-46FCB0510BFA}.Release|Any CPU.Build.0 = Release|Any CPU
		{C706C84B-EB90-0A9D-EB68-77C5D65FA19D}.Debug|Any CPU.ActiveCfg = Debug|Any CPU
		{C706C84B-EB90-0A9D-EB68-77C5D65FA19D}.Debug|Any CPU.Build.0 = Debug|Any CPU
		{C706C84B-EB90-0A9D-EB68-77C5D65FA19D}.Release|Any CPU.ActiveCfg = Release|Any CPU
		{C706C84B-EB90-0A9D-EB68-77C5D65FA19D}.Release|Any CPU.Build.0 = Release|Any CPU
		{6974BCC3-49B3-7555-0C72-1BB18520BBF0}.Debug|Any CPU.ActiveCfg = Debug|Any CPU
		{6974BCC3-49B3-7555-0C72-1BB18520BBF0}.Debug|Any CPU.Build.0 = Debug|Any CPU
		{6974BCC3-49B3-7555-0C72-1BB18520BBF0}.Release|Any CPU.ActiveCfg = Release|Any CPU
		{6974BCC3-49B3-7555-0C72-1BB18520BBF0}.Release|Any CPU.Build.0 = Release|Any CPU
	EndGlobalSection
	GlobalSection(SolutionProperties) = preSolution
		HideSolutionNode = FALSE
	EndGlobalSection
	GlobalSection(MonoDevelopProperties) = preSolution
		StartupItem = Assembly-CSharp.csproj
	EndGlobalSection
EndGlobal
